{
	"name": "@lepeng.lin/core",
	"version": "0.0.1",
	"lockfileVersion": 1,
	"requires": true,
	"dependencies": {
		"lins-test": {
			"version": "1.0.2",
			"resolved": "https://registry.npmjs.org/lins-test/-/lins-test-1.0.2.tgz",
			"integrity": "sha512-00NHaj0AjhlB80HhW+hbGZZdegJEnRjjmuRFXcisH7w/3mwHw9QAu9B0T4Xz4ckIiWNOrH958Mrx8PBJkcn+pg=="
		}
	}
}
